
Microsoft Visual Studio Solution File, Format Version 12.00
# Visual Studio Version 16
VisualStudioVersion = 16.0.31019.35
MinimumVisualStudioVersion = 10.0.40219.1
Project("{FAE04EC0-301F-11D3-BF4B-00C04F79EFBC}") = "leave-management", "leave-management.csproj", "{3B4AF8B2-2207-4F5C-8A73-9C6A9EF89C5E}"
EndProject
Global
	GlobalSection(SolutionConfigurationPlatforms) = preSolution
		Debug|Any CPU = Debug|Any CPU
		Release|Any CPU = Release|Any CPU
	EndGlobalSection
	GlobalSection(ProjectConfigurationPlatforms) = postSolution
		{3B4AF8B2-2207-4F5C-8A73-9C6A9EF89C5E}.Debug|Any CPU.ActiveCfg = Debug|Any CPU
		{3B4AF8B2-2207-4F5C-8A73-9C6A9EF89C5E}.Debug|Any CPU.Build.0 = Debug|Any CPU
		{3B4AF8B2-2207-4F5C-8A73-9C6A9EF89C5E}.Release|Any CPU.ActiveCfg = Release|Any CPU
		{3B4AF8B2-2207-4F5C-8A73-9C6A9EF89C5E}.Release|Any CPU.Build.0 = Release|Any CPU
	EndGlobalSection
	GlobalSection(SolutionProperties) = preSolution
		HideSolutionNode = FALSE
	EndGlobalSection
	GlobalSection(ExtensibilityGlobals) = postSolution
		SolutionGuid = {F9434DFC-D2AD-456E-B0EE-EB2568BC01FF}
	EndGlobalSection
EndGlobal
